
Microsoft Visual Studio Solution File, Format Version 12.00
# Visual Studio Version 17
VisualStudioVersion = 17.3.32922.545
MinimumVisualStudioVersion = 10.0.40219.1
Project("{FAE04EC0-301F-11D3-BF4B-00C04F79EFBC}") = "DialogueMod", "DialogueMod\DialogueMod.csproj", "{1F067F1C-7A6E-4E82-8D03-C0E708AEF83D}"
EndProject
Global
	GlobalSection(SolutionConfigurationPlatforms) = preSolution
		Debug|Any CPU = Debug|Any CPU
		Release|Any CPU = Release|Any CPU
	EndGlobalSection
	GlobalSection(ProjectConfigurationPlatforms) = postSolution
		{1F067F1C-7A6E-4E82-8D03-C0E708AEF83D}.Debug|Any CPU.ActiveCfg = Debug|Any CPU
		{1F067F1C-7A6E-4E82-8D03-C0E708AEF83D}.Debug|Any CPU.Build.0 = Debug|Any CPU
		{1F067F1C-7A6E-4E82-8D03-C0E708AEF83D}.Release|Any CPU.ActiveCfg = Release|Any CPU
		{1F067F1C-7A6E-4E82-8D03-C0E708AEF83D}.Release|Any CPU.Build.0 = Release|Any CPU
	EndGlobalSection
	GlobalSection(SolutionProperties) = preSolution
		HideSolutionNode = FALSE
	EndGlobalSection
	GlobalSection(ExtensibilityGlobals) = postSolution
		SolutionGuid = {D106C01E-902E-4F8B-8791-0402B3E500E6}
	EndGlobalSection
EndGlobal
